
Microsoft Visual Studio Solution File, Format Version 12.00
# Visual Studio Version 17
VisualStudioVersion = 17.10.35122.118
MinimumVisualStudioVersion = 10.0.40219.1
Project("{FAE04EC0-301F-11D3-BF4B-00C04F79EFBC}") = "CheatEngineDetector", "CheatEngineDetector.csproj", "{A7B6169F-EDAD-40E5-804E-E29B0CD76170}"
EndProject
Global
	GlobalSection(SolutionConfigurationPlatforms) = preSolution
		Debug|Any CPU = Debug|Any CPU
		Debug|x64 = Debug|x64
		Release|Any CPU = Release|Any CPU
		Release|x64 = Release|x64
	EndGlobalSection
	GlobalSection(ProjectConfigurationPlatforms) = postSolution
		{A7B6169F-EDAD-40E5-804E-E29B0CD76170}.Debug|Any CPU.ActiveCfg = Debug|Any CPU
		{A7B6169F-EDAD-40E5-804E-E29B0CD76170}.Debug|Any CPU.Build.0 = Debug|Any CPU
		{A7B6169F-EDAD-40E5-804E-E29B0CD76170}.Debug|x64.ActiveCfg = Debug|Any CPU
		{A7B6169F-EDAD-40E5-804E-E29B0CD76170}.Debug|x64.Build.0 = Debug|Any CPU
		{A7B6169F-EDAD-40E5-804E-E29B0CD76170}.Release|Any CPU.ActiveCfg = Release|Any CPU
		{A7B6169F-EDAD-40E5-804E-E29B0CD76170}.Release|Any CPU.Build.0 = Release|Any CPU
		{A7B6169F-EDAD-40E5-804E-E29B0CD76170}.Release|x64.ActiveCfg = Release|Any CPU
		{A7B6169F-EDAD-40E5-804E-E29B0CD76170}.Release|x64.Build.0 = Release|Any CPU
	EndGlobalSection
	GlobalSection(SolutionProperties) = preSolution
		HideSolutionNode = FALSE
	EndGlobalSection
	GlobalSection(ExtensibilityGlobals) = postSolution
		SolutionGuid = {4AAD331C-6740-4A29-9CEA-D0053B3561B1}
	EndGlobalSection
EndGlobal
